
Microsoft Visual Studio Solution File, Format Version 12.00
# Visual Studio Version 16
VisualStudioVersion = 16.0.31313.79
MinimumVisualStudioVersion = 10.0.40219.1
Project("{FAE04EC0-301F-11D3-BF4B-00C04F79EFBC}") = "selectionStatementExercise", "selectionStatementExercise\selectionStatementExercise.csproj", "{FB37C64D-8A9E-4AA2-8325-0768BEB827AB}"
EndProject
Global
	GlobalSection(SolutionConfigurationPlatforms) = preSolution
		Debug|Any CPU = Debug|Any CPU
		Release|Any CPU = Release|Any CPU
	EndGlobalSection
	GlobalSection(ProjectConfigurationPlatforms) = postSolution
		{FB37C64D-8A9E-4AA2-8325-0768BEB827AB}.Debug|Any CPU.ActiveCfg = Debug|Any CPU
		{FB37C64D-8A9E-4AA2-8325-0768BEB827AB}.Debug|Any CPU.Build.0 = Debug|Any CPU
		{FB37C64D-8A9E-4AA2-8325-0768BEB827AB}.Release|Any CPU.ActiveCfg = Release|Any CPU
		{FB37C64D-8A9E-4AA2-8325-0768BEB827AB}.Release|Any CPU.Build.0 = Release|Any CPU
	EndGlobalSection
	GlobalSection(SolutionProperties) = preSolution
		HideSolutionNode = FALSE
	EndGlobalSection
	GlobalSection(ExtensibilityGlobals) = postSolution
		SolutionGuid = {9424D55A-96C3-4B42-9B85-DDAF2AE82102}
	EndGlobalSection
EndGlobal
